
Microsoft Visual Studio Solution File, Format Version 12.00
# Visual Studio Version 17
VisualStudioVersion = 17.14.36414.22 d17.14
MinimumVisualStudioVersion = 10.0.40219.1
Project("{FAE04EC0-301F-11D3-BF4B-00C04F79EFBC}") = "StudentManagemnt", "StudentManagemnt\StudentManagemnt.csproj", "{491AABEC-E1AD-4246-8D15-C0D29507F31C}"
EndProject
Global
	GlobalSection(SolutionConfigurationPlatforms) = preSolution
		Debug|Any CPU = Debug|Any CPU
		Release|Any CPU = Release|Any CPU
	EndGlobalSection
	GlobalSection(ProjectConfigurationPlatforms) = postSolution
		{491AABEC-E1AD-4246-8D15-C0D29507F31C}.Debug|Any CPU.ActiveCfg = Debug|Any CPU
		{491AABEC-E1AD-4246-8D15-C0D29507F31C}.Debug|Any CPU.Build.0 = Debug|Any CPU
		{491AABEC-E1AD-4246-8D15-C0D29507F31C}.Release|Any CPU.ActiveCfg = Release|Any CPU
		{491AABEC-E1AD-4246-8D15-C0D29507F31C}.Release|Any CPU.Build.0 = Release|Any CPU
	EndGlobalSection
	GlobalSection(SolutionProperties) = preSolution
		HideSolutionNode = FALSE
	EndGlobalSection
	GlobalSection(ExtensibilityGlobals) = postSolution
		SolutionGuid = {D5ECFF67-40C9-4839-8AFD-819931F2972A}
	EndGlobalSection
EndGlobal
